// !$*UTF8*$!
{
	archiveVersion = 1;
	classes = {
	};
	objectVersion = 50;
	objects = {

/* Begin PBXBuildFile section */
		29580BEA2521871800176CDE /* Pods_ScreamBoy.framework in Frameworks */ = {isa = PBXBuildFile; fileRef = CBCB6D9F5ADD7C6CFAECB15E /* Pods_ScreamBoy.framework */; };
		A0230B942198C6360088812C /* MicAnalyzer.mm in Sources */ = {isa = PBXBuildFile; fileRef = A0230B8E2198C6360088812C /* MicAnalyzer.mm */; };
		A0230B952198C6360088812C /* Game.cpp in Sources */ = {isa = PBXBuildFile; fileRef = A0230B8F2198C6360088812C /* Game.cpp */; };
		A0230B962198C6360088812C /* main.cpp in Sources */ = {isa = PBXBuildFile; fileRef = A0230B932198C6360088812C /* main.cpp */; };
		A082E12F2199067B00E1EE7C /* assets in Resources */ = {isa = PBXBuildFile; fileRef = A082E12E2199067A00E1EE7C /* assets */; };
		A082E132219907BC00E1EE7C /* ScreamBoi.cpp in Sources */ = {isa = PBXBuildFile; fileRef = A082E130219907BC00E1EE7C /* ScreamBoi.cpp */; };
		A082E13621992A5E00E1EE7C /* PitchAmplitudePlacerAspect.cpp in Sources */ = {isa = PBXBuildFile; fileRef = A082E13421992A5E00E1EE7C /* PitchAmplitudePlacerAspect.cpp */; };
		A0AD768F2197647700F9A3A2 /* Assets.xcassets in Resources */ = {isa = PBXBuildFile; fileRef = A0AD768E2197647700F9A3A2 /* Assets.xcassets */; };
		A0AD76922197647700F9A3A2 /* LaunchScreen.storyboard in Resources */ = {isa = PBXBuildFile; fileRef = A0AD76902197647700F9A3A2 /* LaunchScreen.storyboard */; };
		A0C4044B21979DDF00013D81 /* libGameLibrary.a in Frameworks */ = {isa = PBXBuildFile; fileRef = A0C4044A21979DDF00013D81 /* libGameLibrary.a */; };
		A0C4046321979F5900013D81 /* AVFoundation.framework in Frameworks */ = {isa = PBXBuildFile; fileRef = A0C4045821979F5700013D81 /* AVFoundation.framework */; };
		A0C4046421979F5900013D81 /* ImageIO.framework in Frameworks */ = {isa = PBXBuildFile; fileRef = A0C4045921979F5700013D81 /* ImageIO.framework */; };
		A0C4046521979F5900013D81 /* GameController.framework in Frameworks */ = {isa = PBXBuildFile; fileRef = A0C4045A21979F5700013D81 /* GameController.framework */; };
		A0C4046621979F5900013D81 /* OpenGLES.framework in Frameworks */ = {isa = PBXBuildFile; fileRef = A0C4045B21979F5800013D81 /* OpenGLES.framework */; };
		A0C4046721979F5900013D81 /* UIKit.framework in Frameworks */ = {isa = PBXBuildFile; fileRef = A0C4045C21979F5800013D81 /* UIKit.framework */; };
		A0C4046821979F5900013D81 /* CoreMotion.framework in Frameworks */ = {isa = PBXBuildFile; fileRef = A0C4045D21979F5800013D81 /* CoreMotion.framework */; };
		A0C4046921979F5900013D81 /* CoreGraphics.framework in Frameworks */ = {isa = PBXBuildFile; fileRef = A0C4045E21979F5800013D81 /* CoreGraphics.framework */; };
		A0C4046A21979F5900013D81 /* MobileCoreServices.framework in Frameworks */ = {isa = PBXBuildFile; fileRef = A0C4045F21979F5800013D81 /* MobileCoreServices.framework */; };
		A0C4046B21979F5900013D81 /* QuartzCore.framework in Frameworks */ = {isa = PBXBuildFile; fileRef = A0C4046021979F5800013D81 /* QuartzCore.framework */; };
		A0C4046C21979F5900013D81 /* AudioToolbox.framework in Frameworks */ = {isa = PBXBuildFile; fileRef = A0C4046121979F5800013D81 /* AudioToolbox.framework */; };
		A0C4046D21979F5900013D81 /* Foundation.framework in Frameworks */ = {isa = PBXBuildFile; fileRef = A0C4046221979F5900013D81 /* Foundation.framework */; };
/* End PBXBuildFile section */

/* Begin PBXFileReference section */
		A0230B8D2198C6360088812C /* MicAnalyzer.hpp */ = {isa = PBXFileReference; fileEncoding = 4; lastKnownFileType = sourcecode.cpp.h; path = MicAnalyzer.hpp; sourceTree = "<group>"; };
		A0230B8E2198C6360088812C /* MicAnalyzer.mm */ = {isa = PBXFileReference; fileEncoding = 4; lastKnownFileType = sourcecode.cpp.objcpp; path = MicAnalyzer.mm; sourceTree = "<group>"; };
		A0230B8F2198C6360088812C /* Game.cpp */ = {isa = PBXFileReference; fileEncoding = 4; lastKnownFileType = sourcecode.cpp.cpp; path = Game.cpp; sourceTree = "<group>"; };
		A0230B902198C6360088812C /* Game.hpp */ = {isa = PBXFileReference; fileEncoding = 4; lastKnownFileType = sourcecode.cpp.h; path = Game.hpp; sourceTree = "<group>"; };
		A0230B922198C6360088812C /* GameLibrary.hpp */ = {isa = PBXFileReference; fileEncoding = 4; lastKnownFileType = sourcecode.cpp.h; path = GameLibrary.hpp; sourceTree = "<group>"; };
		A0230B932198C6360088812C /* main.cpp */ = {isa = PBXFileReference; fileEncoding = 4; lastKnownFileType = sourcecode.cpp.cpp; path = main.cpp; sourceTree = "<group>"; };
		A082E12E2199067A00E1EE7C /* assets */ = {isa = PBXFileReference; lastKnownFileType = folder; name = assets; path = ../../assets; sourceTree = "<group>"; };
		A082E130219907BC00E1EE7C /* ScreamBoi.cpp */ = {isa = PBXFileReference; lastKnownFileType = sourcecode.cpp.cpp; path = ScreamBoi.cpp; sourceTree = "<group>"; };
		A082E131219907BC00E1EE7C /* ScreamBoi.hpp */ = {isa = PBXFileReference; lastKnownFileType = sourcecode.cpp.h; path = ScreamBoi.hpp; sourceTree = "<group>"; };
		A082E13421992A5E00E1EE7C /* PitchAmplitudePlacerAspect.cpp */ = {isa = PBXFileReference; lastKnownFileType = sourcecode.cpp.cpp; path = PitchAmplitudePlacerAspect.cpp; sourceTree = "<group>"; };
		A082E13521992A5E00E1EE7C /* PitchAmplitudePlacerAspect.hpp */ = {isa = PBXFileReference; lastKnownFileType = sourcecode.cpp.h; path = PitchAmplitudePlacerAspect.hpp; sourceTree = "<group>"; };
		A0AD76842197646700F9A3A2 /* ScreamBoy.app */ = {isa = PBXFileReference; explicitFileType = wrapper.application; includeInIndex = 0; path = ScreamBoy.app; sourceTree = BUILT_PRODUCTS_DIR; };
		A0AD768E2197647700F9A3A2 /* Assets.xcassets */ = {isa = PBXFileReference; lastKnownFileType = folder.assetcatalog; path = Assets.xcassets; sourceTree = "<group>"; };
		A0AD76912197647700F9A3A2 /* Base */ = {isa = PBXFileReference; lastKnownFileType = file.storyboard; name = Base; path = Base.lproj/LaunchScreen.storyboard; sourceTree = "<group>"; };
		A0AD76932197647700F9A3A2 /* Info.plist */ = {isa = PBXFileReference; lastKnownFileType = text.plist.xml; path = Info.plist; sourceTree = "<group>"; };
		A0C4044A21979DDF00013D81 /* libGameLibrary.a */ = {isa = PBXFileReference; explicitFileType = archive.ar; path = libGameLibrary.a; sourceTree = BUILT_PRODUCTS_DIR; };
		A0C4045821979F5700013D81 /* AVFoundation.framework */ = {isa = PBXFileReference; lastKnownFileType = wrapper.framework; name = AVFoundation.framework; path = System/Library/Frameworks/AVFoundation.framework; sourceTree = SDKROOT; };
		A0C4045921979F5700013D81 /* ImageIO.framework */ = {isa = PBXFileReference; lastKnownFileType = wrapper.framework; name = ImageIO.framework; path = System/Library/Frameworks/ImageIO.framework; sourceTree = SDKROOT; };
		A0C4045A21979F5700013D81 /* GameController.framework */ = {isa = PBXFileReference; lastKnownFileType = wrapper.framework; name = GameController.framework; path = System/Library/Frameworks/GameController.framework; sourceTree = SDKROOT; };
		A0C4045B21979F5800013D81 /* OpenGLES.framework */ = {isa = PBXFileReference; lastKnownFileType = wrapper.framework; name = OpenGLES.framework; path = System/Library/Frameworks/OpenGLES.framework; sourceTree = SDKROOT; };
		A0C4045C21979F5800013D81 /* UIKit.framework */ = {isa = PBXFileReference; lastKnownFileType = wrapper.framework; name = UIKit.framework; path = System/Library/Frameworks/UIKit.framework; sourceTree = SDKROOT; };
		A0C4045D21979F5800013D81 /* CoreMotion.framework */ = {isa = PBXFileReference; lastKnownFileType = wrapper.framework; name = CoreMotion.framework; path = System/Library/Frameworks/CoreMotion.framework; sourceTree = SDKROOT; };
		A0C4045E21979F5800013D81 /* CoreGraphics.framework */ = {isa = PBXFileReference; lastKnownFileType = wrapper.framework; name = CoreGraphics.framework; path = System/Library/Frameworks/CoreGraphics.framework; sourceTree = SDKROOT; };
		A0C4045F21979F5800013D81 /* MobileCoreServices.framework */ = {isa = PBXFileReference; lastKnownFileType = wrapper.framework; name = MobileCoreServices.framework; path = System/Library/Frameworks/MobileCoreServices.framework; sourceTree = SDKROOT; };
		A0C4046021979F5800013D81 /* QuartzCore.framework */ = {isa = PBXFileReference; lastKnownFileType = wrapper.framework; name = QuartzCore.framework; path = System/Library/Frameworks/QuartzCore.framework; sourceTree = SDKROOT; };
		A0C4046121979F5800013D81 /* AudioToolbox.framework */ = {isa = PBXFileReference; lastKnownFileType = wrapper.framework; name = AudioToolbox.framework; path = System/Library/Frameworks/AudioToolbox.framework; sourceTree = SDKROOT; };
		A0C4046221979F5900013D81 /* Foundation.framework */ = {isa = PBXFileReference; lastKnownFileType = wrapper.framework; name = Foundation.framework; path = System/Library/Frameworks/Foundation.framework; sourceTree = SDKROOT; };
		A261812441E0168476F93273 /* Pods-ScreamBoy.release.xcconfig */ = {isa = PBXFileReference; includeInIndex = 1; lastKnownFileType = text.xcconfig; name = "Pods-ScreamBoy.release.xcconfig"; path = "../../Pods/Target Support Files/Pods-ScreamBoy/Pods-ScreamBoy.release.xcconfig"; sourceTree = "<group>"; };
		CBCB6D9F5ADD7C6CFAECB15E /* Pods_ScreamBoy.framework */ = {isa = PBXFileReference; explicitFileType = wrapper.framework; includeInIndex = 0; path = Pods_ScreamBoy.framework; sourceTree = BUILT_PRODUCTS_DIR; };
		F70F5E9B67B547E41885F047 /* Pods-ScreamBoy.debug.xcconfig */ = {isa = PBXFileReference; includeInIndex = 1; lastKnownFileType = text.xcconfig; name = "Pods-ScreamBoy.debug.xcconfig"; path = "../../Pods/Target Support Files/Pods-ScreamBoy/Pods-ScreamBoy.debug.xcconfig"; sourceTree = "<group>"; };
/* End PBXFileReference section */

/* Begin PBXFrameworksBuildPhase section */
		A0AD76812197646600F9A3A2 /* Frameworks */ = {
			isa = PBXFrameworksBuildPhase;
			buildActionMask = 2147483647;
			files = (
				A0C4046321979F5900013D81 /* AVFoundation.framework in Frameworks */,
				A0C4046421979F5900013D81 /* ImageIO.framework in Frameworks */,
				A0C4046521979F5900013D81 /* GameController.framework in Frameworks */,
				A0C4046621979F5900013D81 /* OpenGLES.framework in Frameworks */,
				A0C4046721979F5900013D81 /* UIKit.framework in Frameworks */,
				A0C4046821979F5900013D81 /* CoreMotion.framework in Frameworks */,
				A0C4046921979F5900013D81 /* CoreGraphics.framework in Frameworks */,
				A0C4046A21979F5900013D81 /* MobileCoreServices.framework in Frameworks */,
				A0C4046B21979F5900013D81 /* QuartzCore.framework in Frameworks */,
				A0C4046C21979F5900013D81 /* AudioToolbox.framework in Frameworks */,
				A0C4046D21979F5900013D81 /* Foundation.framework in Frameworks */,
				A0C4044B21979DDF00013D81 /* libGameLibrary.a in Frameworks */,
				29580BEA2521871800176CDE /* Pods_ScreamBoy.framework in Frameworks */,
			);
			runOnlyForDeploymentPostprocessing = 0;
		};
/* End PBXFrameworksBuildPhase section */

/* Begin PBXGroup section */
		06673B56DDE2B6B74A8B139E /* Pods */ = {
			isa = PBXGroup;
			children = (
				F70F5E9B67B547E41885F047 /* Pods-ScreamBoy.debug.xcconfig */,
				A261812441E0168476F93273 /* Pods-ScreamBoy.release.xcconfig */,
			);
			name = Pods;
			sourceTree = "<group>";
		};
		63309112B3A76D9DECFBD1A0 /* Frameworks */ = {
			isa = PBXGroup;
			children = (
				A0C4046121979F5800013D81 /* AudioToolbox.framework */,
				A0C4045821979F5700013D81 /* AVFoundation.framework */,
				A0C4045E21979F5800013D81 /* CoreGraphics.framework */,
				A0C4045D21979F5800013D81 /* CoreMotion.framework */,
				A0C4046221979F5900013D81 /* Foundation.framework */,
				A0C4045A21979F5700013D81 /* GameController.framework */,
				A0C4045921979F5700013D81 /* ImageIO.framework */,
				A0C4045F21979F5800013D81 /* MobileCoreServices.framework */,
				A0C4045B21979F5800013D81 /* OpenGLES.framework */,
				A0C4046021979F5800013D81 /* QuartzCore.framework */,
				A0C4045C21979F5800013D81 /* UIKit.framework */,
				A0C4044A21979DDF00013D81 /* libGameLibrary.a */,
				CBCB6D9F5ADD7C6CFAECB15E /* Pods_ScreamBoy.framework */,
			);
			name = Frameworks;
			sourceTree = "<group>";
		};
		A0230B8B2198C6360088812C /* src */ = {
			isa = PBXGroup;
			children = (
				A082E13321992A1C00E1EE7C /* aspects */,
				A0230B8C2198C6360088812C /* audioinput */,
				A0230B912198C6360088812C /* import */,
				A082E12D2198FA8200E1EE7C /* objects */,
				A0230B8F2198C6360088812C /* Game.cpp */,
				A0230B902198C6360088812C /* Game.hpp */,
				A0230B932198C6360088812C /* main.cpp */,
			);
			name = src;
			path = ../../src;
			sourceTree = "<group>";
		};
		A0230B8C2198C6360088812C /* audioinput */ = {
			isa = PBXGroup;
			children = (
				A0230B8D2198C6360088812C /* MicAnalyzer.hpp */,
				A0230B8E2198C6360088812C /* MicAnalyzer.mm */,
			);
			path = audioinput;
			sourceTree = "<group>";
		};
		A0230B912198C6360088812C /* import */ = {
			isa = PBXGroup;
			children = (
				A0230B922198C6360088812C /* GameLibrary.hpp */,
			);
			path = import;
			sourceTree = "<group>";
		};
		A082E12D2198FA8200E1EE7C /* objects */ = {
			isa = PBXGroup;
			children = (
				A082E130219907BC00E1EE7C /* ScreamBoi.cpp */,
				A082E131219907BC00E1EE7C /* ScreamBoi.hpp */,
			);
			path = objects;
			sourceTree = "<group>";
		};
		A082E13321992A1C00E1EE7C /* aspects */ = {
			isa = PBXGroup;
			children = (
				A082E13421992A5E00E1EE7C /* PitchAmplitudePlacerAspect.cpp */,
				A082E13521992A5E00E1EE7C /* PitchAmplitudePlacerAspect.hpp */,
			);
			path = aspects;
			sourceTree = "<group>";
		};
		A0AD767B2197646600F9A3A2 = {
			isa = PBXGroup;
			children = (
				A0AD76862197646700F9A3A2 /* project-assets */,
				A082E12E2199067A00E1EE7C /* assets */,
				A0230B8B2198C6360088812C /* src */,
				A0AD76852197646700F9A3A2 /* Products */,
				63309112B3A76D9DECFBD1A0 /* Frameworks */,
				06673B56DDE2B6B74A8B139E /* Pods */,
			);
			sourceTree = "<group>";
		};
		A0AD76852197646700F9A3A2 /* Products */ = {
			isa = PBXGroup;
			children = (
				A0AD76842197646700F9A3A2 /* ScreamBoy.app */,
			);
			name = Products;
			sourceTree = "<group>";
		};
		A0AD76862197646700F9A3A2 /* project-assets */ = {
			isa = PBXGroup;
			children = (
				A0AD768E2197647700F9A3A2 /* Assets.xcassets */,
				A0AD76902197647700F9A3A2 /* LaunchScreen.storyboard */,
				A0AD76932197647700F9A3A2 /* Info.plist */,
			);
			path = "project-assets";
			sourceTree = "<group>";
		};
/* End PBXGroup section */

/* Begin PBXNativeTarget section */
		A0AD76832197646600F9A3A2 /* ScreamBoy */ = {
			isa = PBXNativeTarget;
			buildConfigurationList = A0AD76962197647700F9A3A2 /* Build configuration list for PBXNativeTarget "ScreamBoy" */;
			buildPhases = (
				4DF47F5BAC8D7F85B4D47AEB /* [CP] Check Pods Manifest.lock */,
				A0AD76802197646600F9A3A2 /* Sources */,
				A0AD76812197646600F9A3A2 /* Frameworks */,
				A0AD76822197646600F9A3A2 /* Resources */,
			);
			buildRules = (
			);
			dependencies = (
			);
			name = ScreamBoy;
			productName = ScreamBoy;
			productReference = A0AD76842197646700F9A3A2 /* ScreamBoy.app */;
			productType = "com.apple.product-type.application";
		};
/* End PBXNativeTarget section */

/* Begin PBXProject section */
		A0AD767C2197646600F9A3A2 /* Project object */ = {
			isa = PBXProject;
			attributes = {
				LastSwiftUpdateCheck = 1010;
				LastUpgradeCheck = 1010;
				ORGANIZATIONNAME = "Luis Finke";
				TargetAttributes = {
					A0AD76832197646600F9A3A2 = {
						CreatedOnToolsVersion = 10.1;
					};
				};
			};
			buildConfigurationList = A0AD767F2197646600F9A3A2 /* Build configuration list for PBXProject "ScreamBoy" */;
			compatibilityVersion = "Xcode 9.3";
			developmentRegion = en;
			hasScannedForEncodings = 0;
			knownRegions = (
				en,
				Base,
			);
			mainGroup = A0AD767B2197646600F9A3A2;
			productRefGroup = A0AD76852197646700F9A3A2 /* Products */;
			projectDirPath = "";
			projectRoot = "";
			targets = (
				A0AD76832197646600F9A3A2 /* ScreamBoy */,
			);
		};
/* End PBXProject section */

/* Begin PBXResourcesBuildPhase section */
		A0AD76822197646600F9A3A2 /* Resources */ = {
			isa = PBXResourcesBuildPhase;
			buildActionMask = 2147483647;
			files = (
				A082E12F2199067B00E1EE7C /* assets in Resources */,
				A0AD76922197647700F9A3A2 /* LaunchScreen.storyboard in Resources */,
				A0AD768F2197647700F9A3A2 /* Assets.xcassets in Resources */,
			);
			runOnlyForDeploymentPostprocessing = 0;
		};
/* End PBXResourcesBuildPhase section */

/* Begin PBXShellScriptBuildPhase section */
		4DF47F5BAC8D7F85B4D47AEB /* [CP] Check Pods Manifest.lock */ = {
			isa = PBXShellScriptBuildPhase;
			buildActionMask = 2147483647;
			files = (
			);
			inputFileListPaths = (
			);
			inputPaths = (
				"${PODS_PODFILE_DIR_PATH}/Podfile.lock",
				"${PODS_ROOT}/Manifest.lock",
			);
			name = "[CP] Check Pods Manifest.lock";
			outputFileListPaths = (
			);
			outputPaths = (
				"$(DERIVED_FILE_DIR)/Pods-ScreamBoy-checkManifestLockResult.txt",
			);
			runOnlyForDeploymentPostprocessing = 0;
			shellPath = /bin/sh;
			shellScript = "diff \"${PODS_PODFILE_DIR_PATH}/Podfile.lock\" \"${PODS_ROOT}/Manifest.lock\" > /dev/null\nif [ $? != 0 ] ; then\n    # print error to STDERR\n    echo \"error: The sandbox is not in sync with the Podfile.lock. Run 'pod install' or update your CocoaPods installation.\" >&2\n    exit 1\nfi\n# This output is used by Xcode 'outputs' to avoid re-running this script phase.\necho \"SUCCESS\" > \"${SCRIPT_OUTPUT_FILE_0}\"\n";
			showEnvVarsInLog = 0;
		};
/* End PBXShellScriptBuildPhase section */

/* Begin PBXSourcesBuildPhase section */
		A0AD76802197646600F9A3A2 /* Sources */ = {
			isa = PBXSourcesBuildPhase;
			buildActionMask = 2147483647;
			files = (
				A0230B942198C6360088812C /* MicAnalyzer.mm in Sources */,
				A0230B952198C6360088812C /* Game.cpp in Sources */,
				A082E13621992A5E00E1EE7C /* PitchAmplitudePlacerAspect.cpp in Sources */,
				A0230B962198C6360088812C /* main.cpp in Sources */,
				A082E132219907BC00E1EE7C /* ScreamBoi.cpp in Sources */,
			);
			runOnlyForDeploymentPostprocessing = 0;
		};
/* End PBXSourcesBuildPhase section */

/* Begin PBXVariantGroup section */
		A0AD76902197647700F9A3A2 /* LaunchScreen.storyboard */ = {
			isa = PBXVariantGroup;
			children = (
				A0AD76912197647700F9A3A2 /* Base */,
			);
			name = LaunchScreen.storyboard;
			sourceTree = "<group>";
		};
/* End PBXVariantGroup section */

/* Begin XCBuildConfiguration section */
		A0AD76942197647700F9A3A2 /* Debug */ = {
			isa = XCBuildConfiguration;
			buildSettings = {
				ALWAYS_SEARCH_USER_PATHS = NO;
				CLANG_ANALYZER_NONNULL = YES;
				CLANG_ANALYZER_NUMBER_OBJECT_CONVERSION = YES_AGGRESSIVE;
				CLANG_CXX_LANGUAGE_STANDARD = "gnu++14";
				CLANG_CXX_LIBRARY = "libc++";
				CLANG_ENABLE_MODULES = YES;
				CLANG_ENABLE_OBJC_ARC = YES;
				CLANG_ENABLE_OBJC_WEAK = YES;
				CLANG_WARN_BLOCK_CAPTURE_AUTORELEASING = YES;
				CLANG_WARN_BOOL_CONVERSION = YES;
				CLANG_WARN_COMMA = YES;
				CLANG_WARN_CONSTANT_CONVERSION = YES;
				CLANG_WARN_DEPRECATED_OBJC_IMPLEMENTATIONS = YES;
				CLANG_WARN_DIRECT_OBJC_ISA_USAGE = YES_ERROR;
				CLANG_WARN_DOCUMENTATION_COMMENTS = YES;
				CLANG_WARN_EMPTY_BODY = YES;
				CLANG_WARN_ENUM_CONVERSION = YES;
				CLANG_WARN_INFINITE_RECURSION = YES;
				CLANG_WARN_INT_CONVERSION = YES;
				CLANG_WARN_NON_LITERAL_NULL_CONVERSION = YES;
				CLANG_WARN_OBJC_IMPLICIT_RETAIN_SELF = YES;
				CLANG_WARN_OBJC_LITERAL_CONVERSION = YES;
				CLANG_WARN_OBJC_ROOT_CLASS = YES_ERROR;
				CLANG_WARN_RANGE_LOOP_ANALYSIS = YES;
				CLANG_WARN_STRICT_PROTOTYPES = YES;
				CLANG_WARN_SUSPICIOUS_MOVE = YES;
				CLANG_WARN_UNGUARDED_AVAILABILITY = YES_AGGRESSIVE;
				CLANG_WARN_UNREACHABLE_CODE = YES;
				CLANG_WARN__DUPLICATE_METHOD_MATCH = YES;
				CODE_SIGN_IDENTITY = "iPhone Developer";
				COPY_PHASE_STRIP = NO;
				DEBUG_INFORMATION_FORMAT = dwarf;
				ENABLE_STRICT_OBJC_MSGSEND = YES;
				ENABLE_TESTABILITY = YES;
				GCC_C_LANGUAGE_STANDARD = gnu11;
				GCC_DYNAMIC_NO_PIC = NO;
				GCC_NO_COMMON_BLOCKS = YES;
				GCC_OPTIMIZATION_LEVEL = 0;
				GCC_PREPROCESSOR_DEFINITIONS = (
					"DEBUG=1",
					"$(inherited)",
				);
				GCC_WARN_64_TO_32_BIT_CONVERSION = YES;
				GCC_WARN_ABOUT_RETURN_TYPE = YES_ERROR;
				GCC_WARN_UNDECLARED_SELECTOR = YES;
				GCC_WARN_UNINITIALIZED_AUTOS = YES_AGGRESSIVE;
				GCC_WARN_UNUSED_FUNCTION = YES;
				GCC_WARN_UNUSED_VARIABLE = YES;
				IPHONEOS_DEPLOYMENT_TARGET = 12.1;
				MTL_ENABLE_DEBUG_INFO = INCLUDE_SOURCE;
				MTL_FAST_MATH = YES;
				ONLY_ACTIVE_ARCH = YES;
				SDKROOT = iphoneos;
				SWIFT_ACTIVE_COMPILATION_CONDITIONS = DEBUG;
				SWIFT_OPTIMIZATION_LEVEL = "-Onone";
			};
			name = Debug;
		};
		A0AD76952197647700F9A3A2 /* Release */ = {
			isa = XCBuildConfiguration;
			buildSettings = {
				ALWAYS_SEARCH_USER_PATHS = NO;
				CLANG_ANALYZER_NONNULL = YES;
				CLANG_ANALYZER_NUMBER_OBJECT_CONVERSION = YES_AGGRESSIVE;
				CLANG_CXX_LANGUAGE_STANDARD = "gnu++14";
				CLANG_CXX_LIBRARY = "libc++";
				CLANG_ENABLE_MODULES = YES;
				CLANG_ENABLE_OBJC_ARC = YES;
				CLANG_ENABLE_OBJC_WEAK = YES;
				CLANG_WARN_BLOCK_CAPTURE_AUTORELEASING = YES;
				CLANG_WARN_BOOL_CONVERSION = YES;
				CLANG_WARN_COMMA = YES;
				CLANG_WARN_CONSTANT_CONVERSION = YES;
				CLANG_WARN_DEPRECATED_OBJC_IMPLEMENTATIONS = YES;
				CLANG_WARN_DIRECT_OBJC_ISA_USAGE = YES_ERROR;
				CLANG_WARN_DOCUMENTATION_COMMENTS = YES;
				CLANG_WARN_EMPTY_BODY = YES;
				CLANG_WARN_ENUM_CONVERSION = YES;
				CLANG_WARN_INFINITE_RECURSION = YES;
				CLANG_WARN_INT_CONVERSION = YES;
				CLANG_WARN_NON_LITERAL_NULL_CONVERSION = YES;
				CLANG_WARN_OBJC_IMPLICIT_RETAIN_SELF = YES;
				CLANG_WARN_OBJC_LITERAL_CONVERSION = YES;
				CLANG_WARN_OBJC_ROOT_CLASS = YES_ERROR;
				CLANG_WARN_RANGE_LOOP_ANALYSIS = YES;
				CLANG_WARN_STRICT_PROTOTYPES = YES;
				CLANG_WARN_SUSPICIOUS_MOVE = YES;
				CLANG_WARN_UNGUARDED_AVAILABILITY = YES_AGGRESSIVE;
				CLANG_WARN_UNREACHABLE_CODE = YES;
				CLANG_WARN__DUPLICATE_METHOD_MATCH = YES;
				CODE_SIGN_IDENTITY = "iPhone Developer";
				COPY_PHASE_STRIP = NO;
				DEBUG_INFORMATION_FORMAT = "dwarf-with-dsym";
				ENABLE_NS_ASSERTIONS = NO;
				ENABLE_STRICT_OBJC_MSGSEND = YES;
				GCC_C_LANGUAGE_STANDARD = gnu11;
				GCC_NO_COMMON_BLOCKS = YES;
				GCC_WARN_64_TO_32_BIT_CONVERSION = YES;
				GCC_WARN_ABOUT_RETURN_TYPE = YES_ERROR;
				GCC_WARN_UNDECLARED_SELECTOR = YES;
				GCC_WARN_UNINITIALIZED_AUTOS = YES_AGGRESSIVE;
				GCC_WARN_UNUSED_FUNCTION = YES;
				GCC_WARN_UNUSED_VARIABLE = YES;
				IPHONEOS_DEPLOYMENT_TARGET = 12.1;
				MTL_ENABLE_DEBUG_INFO = NO;
				MTL_FAST_MATH = YES;
				SDKROOT = iphoneos;
				SWIFT_COMPILATION_MODE = wholemodule;
				SWIFT_OPTIMIZATION_LEVEL = "-O";
				VALIDATE_PRODUCT = YES;
			};
			name = Release;
		};
		A0AD76972197647700F9A3A2 /* Debug */ = {
			isa = XCBuildConfiguration;
			baseConfigurationReference = F70F5E9B67B547E41885F047 /* Pods-ScreamBoy.debug.xcconfig */;
			buildSettings = {
				ASSETCATALOG_COMPILER_APPICON_NAME = AppIcon;
				CLANG_CXX_LANGUAGE_STANDARD = "c++17";
				CODE_SIGN_STYLE = Automatic;
				HEADER_SEARCH_PATHS = (
					../../external/GameLibrary/include,
					../../src,
				);
				INFOPLIST_FILE = "$(SRCROOT)/project-assets/Info.plist";
				IPHONEOS_DEPLOYMENT_TARGET = 9.0;
				LD_RUNPATH_SEARCH_PATHS = (
					"$(inherited)",
					"@executable_path/Frameworks",
				);
				PRODUCT_BUNDLE_IDENTIFIER = com.lufinkey.ScreamBoy;
				PRODUCT_NAME = "$(TARGET_NAME)";
				SWIFT_VERSION = 4.2;
				TARGETED_DEVICE_FAMILY = "1,2";
			};
			name = Debug;
		};
		A0AD76982197647700F9A3A2 /* Release */ = {
			isa = XCBuildConfiguration;
			baseConfigurationReference = A261812441E0168476F93273 /* Pods-ScreamBoy.release.xcconfig */;
			buildSettings = {
				ASSETCATALOG_COMPILER_APPICON_NAME = AppIcon;
				CLANG_CXX_LANGUAGE_STANDARD = "c++17";
				CODE_SIGN_STYLE = Automatic;
				HEADER_SEARCH_PATHS = (
					../../external/GameLibrary/include,
					../../src,
				);
				INFOPLIST_FILE = "$(SRCROOT)/project-assets/Info.plist";
				IPHONEOS_DEPLOYMENT_TARGET = 9.0;
				LD_RUNPATH_SEARCH_PATHS = (
					"$(inherited)",
					"@executable_path/Frameworks",
				);
				PRODUCT_BUNDLE_IDENTIFIER = com.lufinkey.ScreamBoy;
				PRODUCT_NAME = "$(TARGET_NAME)";
				SWIFT_VERSION = 4.2;
				TARGETED_DEVICE_FAMILY = "1,2";
			};
			name = Release;
		};
/* End XCBuildConfiguration section */

/* Begin XCConfigurationList section */
		A0AD767F2197646600F9A3A2 /* Build configuration list for PBXProject "ScreamBoy" */ = {
			isa = XCConfigurationList;
			buildConfigurations = (
				A0AD76942197647700F9A3A2 /* Debug */,
				A0AD76952197647700F9A3A2 /* Release */,
			);
			defaultConfigurationIsVisible = 0;
			defaultConfigurationName = Release;
		};
		A0AD76962197647700F9A3A2 /* Build configuration list for PBXNativeTarget "ScreamBoy" */ = {
			isa = XCConfigurationList;
			buildConfigurations = (
				A0AD76972197647700F9A3A2 /* Debug */,
				A0AD76982197647700F9A3A2 /* Release */,
			);
			defaultConfigurationIsVisible = 0;
			defaultConfigurationName = Release;
		};
/* End XCConfigurationList section */
	};
	rootObject = A0AD767C2197646600F9A3A2 /* Project object */;
}
