// !$*UTF8*$!
{
	archiveVersion = 1;
	classes = {
	};
	objectVersion = 50;
	objects = {

/* Begin PBXBuildFile section */
		477F0A41890D02DF4D6001CD /* Pods_ScreamBoy.framework in Frameworks */ = {isa = PBXBuildFile; fileRef = 644D4E0BC2B8C97B569D46B9 /* Pods_ScreamBoy.framework */; };
		A0AD76882197646700F9A3A2 /* AppDelegate.swift in Sources */ = {isa = PBXBuildFile; fileRef = A0AD76872197646700F9A3A2 /* AppDelegate.swift */; };
		A0AD768A2197646700F9A3A2 /* ViewController.swift in Sources */ = {isa = PBXBuildFile; fileRef = A0AD76892197646700F9A3A2 /* ViewController.swift */; };
		A0AD768D2197646700F9A3A2 /* Main.storyboard in Resources */ = {isa = PBXBuildFile; fileRef = A0AD768B2197646700F9A3A2 /* Main.storyboard */; };
		A0AD768F2197647700F9A3A2 /* Assets.xcassets in Resources */ = {isa = PBXBuildFile; fileRef = A0AD768E2197647700F9A3A2 /* Assets.xcassets */; };
		A0AD76922197647700F9A3A2 /* LaunchScreen.storyboard in Resources */ = {isa = PBXBuildFile; fileRef = A0AD76902197647700F9A3A2 /* LaunchScreen.storyboard */; };
		A0C4043A2197742000013D81 /* Beethoven.framework in Frameworks */ = {isa = PBXBuildFile; fileRef = A0C404392197742000013D81 /* Beethoven.framework */; };
		A0C4043C2197742500013D81 /* Pitchy.framework in Frameworks */ = {isa = PBXBuildFile; fileRef = A0C4043B2197742500013D81 /* Pitchy.framework */; };
/* End PBXBuildFile section */

/* Begin PBXFileReference section */
		644D4E0BC2B8C97B569D46B9 /* Pods_ScreamBoy.framework */ = {isa = PBXFileReference; explicitFileType = wrapper.framework; includeInIndex = 0; path = Pods_ScreamBoy.framework; sourceTree = BUILT_PRODUCTS_DIR; };
		76EF7ED02DD07831A8399E6D /* Pods-ScreamBoy.release.xcconfig */ = {isa = PBXFileReference; includeInIndex = 1; lastKnownFileType = text.xcconfig; name = "Pods-ScreamBoy.release.xcconfig"; path = "Pods/Target Support Files/Pods-ScreamBoy/Pods-ScreamBoy.release.xcconfig"; sourceTree = "<group>"; };
		A0AD76842197646700F9A3A2 /* ScreamBoy.app */ = {isa = PBXFileReference; explicitFileType = wrapper.application; includeInIndex = 0; path = ScreamBoy.app; sourceTree = BUILT_PRODUCTS_DIR; };
		A0AD76872197646700F9A3A2 /* AppDelegate.swift */ = {isa = PBXFileReference; lastKnownFileType = sourcecode.swift; path = AppDelegate.swift; sourceTree = "<group>"; };
		A0AD76892197646700F9A3A2 /* ViewController.swift */ = {isa = PBXFileReference; lastKnownFileType = sourcecode.swift; path = ViewController.swift; sourceTree = "<group>"; };
		A0AD768C2197646700F9A3A2 /* Base */ = {isa = PBXFileReference; lastKnownFileType = file.storyboard; name = Base; path = Base.lproj/Main.storyboard; sourceTree = "<group>"; };
		A0AD768E2197647700F9A3A2 /* Assets.xcassets */ = {isa = PBXFileReference; lastKnownFileType = folder.assetcatalog; path = Assets.xcassets; sourceTree = "<group>"; };
		A0AD76912197647700F9A3A2 /* Base */ = {isa = PBXFileReference; lastKnownFileType = file.storyboard; name = Base; path = Base.lproj/LaunchScreen.storyboard; sourceTree = "<group>"; };
		A0AD76932197647700F9A3A2 /* Info.plist */ = {isa = PBXFileReference; lastKnownFileType = text.plist.xml; path = Info.plist; sourceTree = "<group>"; };
		A0C404392197742000013D81 /* Beethoven.framework */ = {isa = PBXFileReference; explicitFileType = wrapper.framework; path = Beethoven.framework; sourceTree = BUILT_PRODUCTS_DIR; };
		A0C4043B2197742500013D81 /* Pitchy.framework */ = {isa = PBXFileReference; explicitFileType = wrapper.framework; path = Pitchy.framework; sourceTree = BUILT_PRODUCTS_DIR; };
		E3C73844B3273E791C8BE100 /* Pods-ScreamBoy.debug.xcconfig */ = {isa = PBXFileReference; includeInIndex = 1; lastKnownFileType = text.xcconfig; name = "Pods-ScreamBoy.debug.xcconfig"; path = "Pods/Target Support Files/Pods-ScreamBoy/Pods-ScreamBoy.debug.xcconfig"; sourceTree = "<group>"; };
/* End PBXFileReference section */

/* Begin PBXFrameworksBuildPhase section */
		A0AD76812197646600F9A3A2 /* Frameworks */ = {
			isa = PBXFrameworksBuildPhase;
			buildActionMask = 2147483647;
			files = (
				A0C4043C2197742500013D81 /* Pitchy.framework in Frameworks */,
				A0C4043A2197742000013D81 /* Beethoven.framework in Frameworks */,
				477F0A41890D02DF4D6001CD /* Pods_ScreamBoy.framework in Frameworks */,
			);
			runOnlyForDeploymentPostprocessing = 0;
		};
/* End PBXFrameworksBuildPhase section */

/* Begin PBXGroup section */
		63309112B3A76D9DECFBD1A0 /* Frameworks */ = {
			isa = PBXGroup;
			children = (
				A0C4043B2197742500013D81 /* Pitchy.framework */,
				A0C404392197742000013D81 /* Beethoven.framework */,
				644D4E0BC2B8C97B569D46B9 /* Pods_ScreamBoy.framework */,
			);
			name = Frameworks;
			sourceTree = "<group>";
		};
		A0AD767B2197646600F9A3A2 = {
			isa = PBXGroup;
			children = (
				A0AD76862197646700F9A3A2 /* ScreamBoy */,
				A0AD76852197646700F9A3A2 /* Products */,
				D91BD4DC2EE9C73162ECD6C1 /* Pods */,
				63309112B3A76D9DECFBD1A0 /* Frameworks */,
			);
			sourceTree = "<group>";
		};
		A0AD76852197646700F9A3A2 /* Products */ = {
			isa = PBXGroup;
			children = (
				A0AD76842197646700F9A3A2 /* ScreamBoy.app */,
			);
			name = Products;
			sourceTree = "<group>";
		};
		A0AD76862197646700F9A3A2 /* ScreamBoy */ = {
			isa = PBXGroup;
			children = (
				A0C40438219773AD00013D81 /* src */,
				A0AD768B2197646700F9A3A2 /* Main.storyboard */,
				A0AD768E2197647700F9A3A2 /* Assets.xcassets */,
				A0AD76902197647700F9A3A2 /* LaunchScreen.storyboard */,
				A0AD76932197647700F9A3A2 /* Info.plist */,
			);
			path = ScreamBoy;
			sourceTree = "<group>";
		};
		A0C40438219773AD00013D81 /* src */ = {
			isa = PBXGroup;
			children = (
				A0AD76872197646700F9A3A2 /* AppDelegate.swift */,
				A0AD76892197646700F9A3A2 /* ViewController.swift */,
			);
			path = src;
			sourceTree = "<group>";
		};
		D91BD4DC2EE9C73162ECD6C1 /* Pods */ = {
			isa = PBXGroup;
			children = (
				E3C73844B3273E791C8BE100 /* Pods-ScreamBoy.debug.xcconfig */,
				76EF7ED02DD07831A8399E6D /* Pods-ScreamBoy.release.xcconfig */,
			);
			name = Pods;
			sourceTree = "<group>";
		};
/* End PBXGroup section */

/* Begin PBXNativeTarget section */
		A0AD76832197646600F9A3A2 /* ScreamBoy */ = {
			isa = PBXNativeTarget;
			buildConfigurationList = A0AD76962197647700F9A3A2 /* Build configuration list for PBXNativeTarget "ScreamBoy" */;
			buildPhases = (
				4DF47F5BAC8D7F85B4D47AEB /* [CP] Check Pods Manifest.lock */,
				A0AD76802197646600F9A3A2 /* Sources */,
				A0AD76812197646600F9A3A2 /* Frameworks */,
				A0AD76822197646600F9A3A2 /* Resources */,
				D49335F3934A2B9D6BD02BC0 /* [CP] Embed Pods Frameworks */,
			);
			buildRules = (
			);
			dependencies = (
			);
			name = ScreamBoy;
			productName = ScreamBoy;
			productReference = A0AD76842197646700F9A3A2 /* ScreamBoy.app */;
			productType = "com.apple.product-type.application";
		};
/* End PBXNativeTarget section */

/* Begin PBXProject section */
		A0AD767C2197646600F9A3A2 /* Project object */ = {
			isa = PBXProject;
			attributes = {
				LastSwiftUpdateCheck = 1010;
				LastUpgradeCheck = 1010;
				ORGANIZATIONNAME = "Luis Finke";
				TargetAttributes = {
					A0AD76832197646600F9A3A2 = {
						CreatedOnToolsVersion = 10.1;
					};
				};
			};
			buildConfigurationList = A0AD767F2197646600F9A3A2 /* Build configuration list for PBXProject "ScreamBoy" */;
			compatibilityVersion = "Xcode 9.3";
			developmentRegion = en;
			hasScannedForEncodings = 0;
			knownRegions = (
				en,
				Base,
			);
			mainGroup = A0AD767B2197646600F9A3A2;
			productRefGroup = A0AD76852197646700F9A3A2 /* Products */;
			projectDirPath = "";
			projectRoot = "";
			targets = (
				A0AD76832197646600F9A3A2 /* ScreamBoy */,
			);
		};
/* End PBXProject section */

/* Begin PBXResourcesBuildPhase section */
		A0AD76822197646600F9A3A2 /* Resources */ = {
			isa = PBXResourcesBuildPhase;
			buildActionMask = 2147483647;
			files = (
				A0AD76922197647700F9A3A2 /* LaunchScreen.storyboard in Resources */,
				A0AD768F2197647700F9A3A2 /* Assets.xcassets in Resources */,
				A0AD768D2197646700F9A3A2 /* Main.storyboard in Resources */,
			);
			runOnlyForDeploymentPostprocessing = 0;
		};
/* End PBXResourcesBuildPhase section */

/* Begin PBXShellScriptBuildPhase section */
		4DF47F5BAC8D7F85B4D47AEB /* [CP] Check Pods Manifest.lock */ = {
			isa = PBXShellScriptBuildPhase;
			buildActionMask = 2147483647;
			files = (
			);
			inputFileListPaths = (
			);
			inputPaths = (
				"${PODS_PODFILE_DIR_PATH}/Podfile.lock",
				"${PODS_ROOT}/Manifest.lock",
			);
			name = "[CP] Check Pods Manifest.lock";
			outputFileListPaths = (
			);
			outputPaths = (
				"$(DERIVED_FILE_DIR)/Pods-ScreamBoy-checkManifestLockResult.txt",
			);
			runOnlyForDeploymentPostprocessing = 0;
			shellPath = /bin/sh;
			shellScript = "diff \"${PODS_PODFILE_DIR_PATH}/Podfile.lock\" \"${PODS_ROOT}/Manifest.lock\" > /dev/null\nif [ $? != 0 ] ; then\n    # print error to STDERR\n    echo \"error: The sandbox is not in sync with the Podfile.lock. Run 'pod install' or update your CocoaPods installation.\" >&2\n    exit 1\nfi\n# This output is used by Xcode 'outputs' to avoid re-running this script phase.\necho \"SUCCESS\" > \"${SCRIPT_OUTPUT_FILE_0}\"\n";
			showEnvVarsInLog = 0;
		};
		D49335F3934A2B9D6BD02BC0 /* [CP] Embed Pods Frameworks */ = {
			isa = PBXShellScriptBuildPhase;
			buildActionMask = 2147483647;
			files = (
			);
			inputFileListPaths = (
			);
			inputPaths = (
				"${SRCROOT}/Pods/Target Support Files/Pods-ScreamBoy/Pods-ScreamBoy-frameworks.sh",
				"${BUILT_PRODUCTS_DIR}/Beethoven/Beethoven.framework",
				"${BUILT_PRODUCTS_DIR}/Pitchy/Pitchy.framework",
			);
			name = "[CP] Embed Pods Frameworks";
			outputFileListPaths = (
			);
			outputPaths = (
				"${TARGET_BUILD_DIR}/${FRAMEWORKS_FOLDER_PATH}/Beethoven.framework",
				"${TARGET_BUILD_DIR}/${FRAMEWORKS_FOLDER_PATH}/Pitchy.framework",
			);
			runOnlyForDeploymentPostprocessing = 0;
			shellPath = /bin/sh;
			shellScript = "\"${SRCROOT}/Pods/Target Support Files/Pods-ScreamBoy/Pods-ScreamBoy-frameworks.sh\"\n";
			showEnvVarsInLog = 0;
		};
/* End PBXShellScriptBuildPhase section */

/* Begin PBXSourcesBuildPhase section */
		A0AD76802197646600F9A3A2 /* Sources */ = {
			isa = PBXSourcesBuildPhase;
			buildActionMask = 2147483647;
			files = (
				A0AD768A2197646700F9A3A2 /* ViewController.swift in Sources */,
				A0AD76882197646700F9A3A2 /* AppDelegate.swift in Sources */,
			);
			runOnlyForDeploymentPostprocessing = 0;
		};
/* End PBXSourcesBuildPhase section */

/* Begin PBXVariantGroup section */
		A0AD768B2197646700F9A3A2 /* Main.storyboard */ = {
			isa = PBXVariantGroup;
			children = (
				A0AD768C2197646700F9A3A2 /* Base */,
			);
			name = Main.storyboard;
			sourceTree = "<group>";
		};
		A0AD76902197647700F9A3A2 /* LaunchScreen.storyboard */ = {
			isa = PBXVariantGroup;
			children = (
				A0AD76912197647700F9A3A2 /* Base */,
			);
			name = LaunchScreen.storyboard;
			sourceTree = "<group>";
		};
/* End PBXVariantGroup section */

/* Begin XCBuildConfiguration section */
		A0AD76942197647700F9A3A2 /* Debug */ = {
			isa = XCBuildConfiguration;
			buildSettings = {
				ALWAYS_SEARCH_USER_PATHS = NO;
				CLANG_ANALYZER_NONNULL = YES;
				CLANG_ANALYZER_NUMBER_OBJECT_CONVERSION = YES_AGGRESSIVE;
				CLANG_CXX_LANGUAGE_STANDARD = "gnu++14";
				CLANG_CXX_LIBRARY = "libc++";
				CLANG_ENABLE_MODULES = YES;
				CLANG_ENABLE_OBJC_ARC = YES;
				CLANG_ENABLE_OBJC_WEAK = YES;
				CLANG_WARN_BLOCK_CAPTURE_AUTORELEASING = YES;
				CLANG_WARN_BOOL_CONVERSION = YES;
				CLANG_WARN_COMMA = YES;
				CLANG_WARN_CONSTANT_CONVERSION = YES;
				CLANG_WARN_DEPRECATED_OBJC_IMPLEMENTATIONS = YES;
				CLANG_WARN_DIRECT_OBJC_ISA_USAGE = YES_ERROR;
				CLANG_WARN_DOCUMENTATION_COMMENTS = YES;
				CLANG_WARN_EMPTY_BODY = YES;
				CLANG_WARN_ENUM_CONVERSION = YES;
				CLANG_WARN_INFINITE_RECURSION = YES;
				CLANG_WARN_INT_CONVERSION = YES;
				CLANG_WARN_NON_LITERAL_NULL_CONVERSION = YES;
				CLANG_WARN_OBJC_IMPLICIT_RETAIN_SELF = YES;
				CLANG_WARN_OBJC_LITERAL_CONVERSION = YES;
				CLANG_WARN_OBJC_ROOT_CLASS = YES_ERROR;
				CLANG_WARN_RANGE_LOOP_ANALYSIS = YES;
				CLANG_WARN_STRICT_PROTOTYPES = YES;
				CLANG_WARN_SUSPICIOUS_MOVE = YES;
				CLANG_WARN_UNGUARDED_AVAILABILITY = YES_AGGRESSIVE;
				CLANG_WARN_UNREACHABLE_CODE = YES;
				CLANG_WARN__DUPLICATE_METHOD_MATCH = YES;
				CODE_SIGN_IDENTITY = "iPhone Developer";
				COPY_PHASE_STRIP = NO;
				DEBUG_INFORMATION_FORMAT = dwarf;
				ENABLE_STRICT_OBJC_MSGSEND = YES;
				ENABLE_TESTABILITY = YES;
				GCC_C_LANGUAGE_STANDARD = gnu11;
				GCC_DYNAMIC_NO_PIC = NO;
				GCC_NO_COMMON_BLOCKS = YES;
				GCC_OPTIMIZATION_LEVEL = 0;
				GCC_PREPROCESSOR_DEFINITIONS = (
					"DEBUG=1",
					"$(inherited)",
				);
				GCC_WARN_64_TO_32_BIT_CONVERSION = YES;
				GCC_WARN_ABOUT_RETURN_TYPE = YES_ERROR;
				GCC_WARN_UNDECLARED_SELECTOR = YES;
				GCC_WARN_UNINITIALIZED_AUTOS = YES_AGGRESSIVE;
				GCC_WARN_UNUSED_FUNCTION = YES;
				GCC_WARN_UNUSED_VARIABLE = YES;
				IPHONEOS_DEPLOYMENT_TARGET = 12.1;
				MTL_ENABLE_DEBUG_INFO = INCLUDE_SOURCE;
				MTL_FAST_MATH = YES;
				ONLY_ACTIVE_ARCH = YES;
				SDKROOT = iphoneos;
				SWIFT_ACTIVE_COMPILATION_CONDITIONS = DEBUG;
				SWIFT_OPTIMIZATION_LEVEL = "-Onone";
			};
			name = Debug;
		};
		A0AD76952197647700F9A3A2 /* Release */ = {
			isa = XCBuildConfiguration;
			buildSettings = {
				ALWAYS_SEARCH_USER_PATHS = NO;
				CLANG_ANALYZER_NONNULL = YES;
				CLANG_ANALYZER_NUMBER_OBJECT_CONVERSION = YES_AGGRESSIVE;
				CLANG_CXX_LANGUAGE_STANDARD = "gnu++14";
				CLANG_CXX_LIBRARY = "libc++";
				CLANG_ENABLE_MODULES = YES;
				CLANG_ENABLE_OBJC_ARC = YES;
				CLANG_ENABLE_OBJC_WEAK = YES;
				CLANG_WARN_BLOCK_CAPTURE_AUTORELEASING = YES;
				CLANG_WARN_BOOL_CONVERSION = YES;
				CLANG_WARN_COMMA = YES;
				CLANG_WARN_CONSTANT_CONVERSION = YES;
				CLANG_WARN_DEPRECATED_OBJC_IMPLEMENTATIONS = YES;
				CLANG_WARN_DIRECT_OBJC_ISA_USAGE = YES_ERROR;
				CLANG_WARN_DOCUMENTATION_COMMENTS = YES;
				CLANG_WARN_EMPTY_BODY = YES;
				CLANG_WARN_ENUM_CONVERSION = YES;
				CLANG_WARN_INFINITE_RECURSION = YES;
				CLANG_WARN_INT_CONVERSION = YES;
				CLANG_WARN_NON_LITERAL_NULL_CONVERSION = YES;
				CLANG_WARN_OBJC_IMPLICIT_RETAIN_SELF = YES;
				CLANG_WARN_OBJC_LITERAL_CONVERSION = YES;
				CLANG_WARN_OBJC_ROOT_CLASS = YES_ERROR;
				CLANG_WARN_RANGE_LOOP_ANALYSIS = YES;
				CLANG_WARN_STRICT_PROTOTYPES = YES;
				CLANG_WARN_SUSPICIOUS_MOVE = YES;
				CLANG_WARN_UNGUARDED_AVAILABILITY = YES_AGGRESSIVE;
				CLANG_WARN_UNREACHABLE_CODE = YES;
				CLANG_WARN__DUPLICATE_METHOD_MATCH = YES;
				CODE_SIGN_IDENTITY = "iPhone Developer";
				COPY_PHASE_STRIP = NO;
				DEBUG_INFORMATION_FORMAT = "dwarf-with-dsym";
				ENABLE_NS_ASSERTIONS = NO;
				ENABLE_STRICT_OBJC_MSGSEND = YES;
				GCC_C_LANGUAGE_STANDARD = gnu11;
				GCC_NO_COMMON_BLOCKS = YES;
				GCC_WARN_64_TO_32_BIT_CONVERSION = YES;
				GCC_WARN_ABOUT_RETURN_TYPE = YES_ERROR;
				GCC_WARN_UNDECLARED_SELECTOR = YES;
				GCC_WARN_UNINITIALIZED_AUTOS = YES_AGGRESSIVE;
				GCC_WARN_UNUSED_FUNCTION = YES;
				GCC_WARN_UNUSED_VARIABLE = YES;
				IPHONEOS_DEPLOYMENT_TARGET = 12.1;
				MTL_ENABLE_DEBUG_INFO = NO;
				MTL_FAST_MATH = YES;
				SDKROOT = iphoneos;
				SWIFT_COMPILATION_MODE = wholemodule;
				SWIFT_OPTIMIZATION_LEVEL = "-O";
				VALIDATE_PRODUCT = YES;
			};
			name = Release;
		};
		A0AD76972197647700F9A3A2 /* Debug */ = {
			isa = XCBuildConfiguration;
			baseConfigurationReference = E3C73844B3273E791C8BE100 /* Pods-ScreamBoy.debug.xcconfig */;
			buildSettings = {
				ASSETCATALOG_COMPILER_APPICON_NAME = AppIcon;
				CODE_SIGN_STYLE = Automatic;
				INFOPLIST_FILE = ScreamBoy/Info.plist;
				LD_RUNPATH_SEARCH_PATHS = (
					"$(inherited)",
					"@executable_path/Frameworks",
				);
				PRODUCT_BUNDLE_IDENTIFIER = com.lufinkey.ScreamBoy;
				PRODUCT_NAME = "$(TARGET_NAME)";
				SWIFT_VERSION = 4.2;
				TARGETED_DEVICE_FAMILY = "1,2";
			};
			name = Debug;
		};
		A0AD76982197647700F9A3A2 /* Release */ = {
			isa = XCBuildConfiguration;
			baseConfigurationReference = 76EF7ED02DD07831A8399E6D /* Pods-ScreamBoy.release.xcconfig */;
			buildSettings = {
				ASSETCATALOG_COMPILER_APPICON_NAME = AppIcon;
				CODE_SIGN_STYLE = Automatic;
				INFOPLIST_FILE = ScreamBoy/Info.plist;
				LD_RUNPATH_SEARCH_PATHS = (
					"$(inherited)",
					"@executable_path/Frameworks",
				);
				PRODUCT_BUNDLE_IDENTIFIER = com.lufinkey.ScreamBoy;
				PRODUCT_NAME = "$(TARGET_NAME)";
				SWIFT_VERSION = 4.2;
				TARGETED_DEVICE_FAMILY = "1,2";
			};
			name = Release;
		};
/* End XCBuildConfiguration section */

/* Begin XCConfigurationList section */
		A0AD767F2197646600F9A3A2 /* Build configuration list for PBXProject "ScreamBoy" */ = {
			isa = XCConfigurationList;
			buildConfigurations = (
				A0AD76942197647700F9A3A2 /* Debug */,
				A0AD76952197647700F9A3A2 /* Release */,
			);
			defaultConfigurationIsVisible = 0;
			defaultConfigurationName = Release;
		};
		A0AD76962197647700F9A3A2 /* Build configuration list for PBXNativeTarget "ScreamBoy" */ = {
			isa = XCConfigurationList;
			buildConfigurations = (
				A0AD76972197647700F9A3A2 /* Debug */,
				A0AD76982197647700F9A3A2 /* Release */,
			);
			defaultConfigurationIsVisible = 0;
			defaultConfigurationName = Release;
		};
/* End XCConfigurationList section */
	};
	rootObject = A0AD767C2197646600F9A3A2 /* Project object */;
}
